
Microsoft Visual Studio Solution File, Format Version 12.00
# Visual Studio Version 17
VisualStudioVersion = 17.3.32929.385
MinimumVisualStudioVersion = 10.0.40219.1
Project("{FAE04EC0-301F-11D3-BF4B-00C04F79EFBC}") = "AplicacionEscritorioCore", "AplicacionEscritorioCore\AplicacionEscritorioCore.csproj", "{FB02325A-7121-4AB6-91C5-09191DF77DBB}"
EndProject
Project("{FAE04EC0-301F-11D3-BF4B-00C04F79EFBC}") = "ORM", "ORM\ORM.csproj", "{F47129E3-270A-4C11-9196-85848AB9BBA9}"
EndProject
Global
	GlobalSection(SolutionConfigurationPlatforms) = preSolution
		Debug|Any CPU = Debug|Any CPU
		Release|Any CPU = Release|Any CPU
	EndGlobalSection
	GlobalSection(ProjectConfigurationPlatforms) = postSolution
		{FB02325A-7121-4AB6-91C5-09191DF77DBB}.Debug|Any CPU.ActiveCfg = Debug|Any CPU
		{FB02325A-7121-4AB6-91C5-09191DF77DBB}.Debug|Any CPU.Build.0 = Debug|Any CPU
		{FB02325A-7121-4AB6-91C5-09191DF77DBB}.Release|Any CPU.ActiveCfg = Release|Any CPU
		{FB02325A-7121-4AB6-91C5-09191DF77DBB}.Release|Any CPU.Build.0 = Release|Any CPU
		{F47129E3-270A-4C11-9196-85848AB9BBA9}.Debug|Any CPU.ActiveCfg = Debug|Any CPU
		{F47129E3-270A-4C11-9196-85848AB9BBA9}.Debug|Any CPU.Build.0 = Debug|Any CPU
		{F47129E3-270A-4C11-9196-85848AB9BBA9}.Release|Any CPU.ActiveCfg = Release|Any CPU
		{F47129E3-270A-4C11-9196-85848AB9BBA9}.Release|Any CPU.Build.0 = Release|Any CPU
	EndGlobalSection
	GlobalSection(SolutionProperties) = preSolution
		HideSolutionNode = FALSE
	EndGlobalSection
	GlobalSection(ExtensibilityGlobals) = postSolution
		SolutionGuid = {7AF86BB0-BE6A-402B-9390-232D4E7B97DA}
	EndGlobalSection
EndGlobal
